{
  "pins" : [
    {
      "identity" : "diffabledatasources",
      "kind" : "remoteSourceControl",
      "location" : "https://github.com/JWIMaster/DiffableDataSources",
      "state" : {
        "branch" : "master",
        "revision" : "f931852f132881ad104d60eb2d3feea09cf3bc35"
      }
    },
    {
      "identity" : "differencekit",
      "kind" : "remoteSourceControl",
      "location" : "https://github.com/JWIMaster/DifferenceKit",
      "state" : {
        "branch" : "master",
        "revision" : "3e3107bdbd9987e70b7b4e38eb39b1d3bbe8714c"
      }
    },
    {
      "identity" : "ibpcollectionviewcompositionallayout",
      "kind" : "remoteSourceControl",
      "location" : "https://github.com/JWIMaster/IBPCollectionViewCompositionalLayout",
      "state" : {
        "branch" : "master",
        "revision" : "7a86632f478fbcb14f084e7eb8f8b457eaef5e56"
      }
    }
  ],
  "version" : 2
}
