// !$*UTF8*$!
{
	archiveVersion = 1;
	classes = {
	};
	objectVersion = 46;
	objects = {

/* Begin PBXBuildFile section */
		5F4DF9582E70EEE60098917B /* BridgingHeader.h in Headers */ = {isa = PBXBuildFile; fileRef = 5F4DF9412E70EEE60098917B /* BridgingHeader.h */; };
		5F4DF9592E70EEE60098917B /* NSLayoutConstraint.swift in Sources */ = {isa = PBXBuildFile; fileRef = 5F4DF9422E70EEE60098917B /* NSLayoutConstraint.swift */; };
		5F4DF95A2E70EEE60098917B /* .gitkeep in Resources */ = {isa = PBXBuildFile; fileRef = 5F4DF9442E70EEE60098917B /* .gitkeep */; };
		5F4DF95B2E70EEE60098917B /* _OALayoutGuide.h in Headers */ = {isa = PBXBuildFile; fileRef = 5F4DF9452E70EEE60098917B /* _OALayoutGuide.h */; };
		5F4DF95C2E70EEE60098917B /* _OALayoutGuide.m in Sources */ = {isa = PBXBuildFile; fileRef = 5F4DF9462E70EEE60098917B /* _OALayoutGuide.m */; };
		5F4DF95D2E70EEE60098917B /* OAStackView+Constraint.h in Headers */ = {isa = PBXBuildFile; fileRef = 5F4DF9472E70EEE60098917B /* OAStackView+Constraint.h */; };
		5F4DF95E2E70EEE60098917B /* OAStackView+Constraint.m in Sources */ = {isa = PBXBuildFile; fileRef = 5F4DF9482E70EEE60098917B /* OAStackView+Constraint.m */; };
		5F4DF95F2E70EEE60098917B /* OAStackView+Hiding.h in Headers */ = {isa = PBXBuildFile; fileRef = 5F4DF9492E70EEE60098917B /* OAStackView+Hiding.h */; };
		5F4DF9602E70EEE60098917B /* OAStackView+Hiding.m in Sources */ = {isa = PBXBuildFile; fileRef = 5F4DF94A2E70EEE60098917B /* OAStackView+Hiding.m */; };
		5F4DF9612E70EEE60098917B /* OAStackView+Traversal.h in Headers */ = {isa = PBXBuildFile; fileRef = 5F4DF94B2E70EEE60098917B /* OAStackView+Traversal.h */; };
		5F4DF9622E70EEE60098917B /* OAStackView+Traversal.m in Sources */ = {isa = PBXBuildFile; fileRef = 5F4DF94C2E70EEE60098917B /* OAStackView+Traversal.m */; };
		5F4DF9632E70EEE60098917B /* OAStackView.h in Headers */ = {isa = PBXBuildFile; fileRef = 5F4DF94D2E70EEE60098917B /* OAStackView.h */; };
		5F4DF9642E70EEE60098917B /* OAStackView.m in Sources */ = {isa = PBXBuildFile; fileRef = 5F4DF94E2E70EEE60098917B /* OAStackView.m */; };
		5F4DF9652E70EEE60098917B /* OAStackViewAlignmentStrategy.h in Headers */ = {isa = PBXBuildFile; fileRef = 5F4DF94F2E70EEE60098917B /* OAStackViewAlignmentStrategy.h */; };
		5F4DF9662E70EEE60098917B /* OAStackViewAlignmentStrategy.m in Sources */ = {isa = PBXBuildFile; fileRef = 5F4DF9502E70EEE60098917B /* OAStackViewAlignmentStrategy.m */; };
		5F4DF9672E70EEE60098917B /* OAStackViewAlignmentStrategyBaseline.h in Headers */ = {isa = PBXBuildFile; fileRef = 5F4DF9512E70EEE60098917B /* OAStackViewAlignmentStrategyBaseline.h */; };
		5F4DF9682E70EEE60098917B /* OAStackViewAlignmentStrategyBaseline.m in Sources */ = {isa = PBXBuildFile; fileRef = 5F4DF9522E70EEE60098917B /* OAStackViewAlignmentStrategyBaseline.m */; };
		5F4DF9692E70EEE60098917B /* OAStackViewDistributionStrategy.h in Headers */ = {isa = PBXBuildFile; fileRef = 5F4DF9532E70EEE60098917B /* OAStackViewDistributionStrategy.h */; };
		5F4DF96A2E70EEE60098917B /* OAStackViewDistributionStrategy.m in Sources */ = {isa = PBXBuildFile; fileRef = 5F4DF9542E70EEE60098917B /* OAStackViewDistributionStrategy.m */; };
		5F4DF96B2E70EEE60098917B /* OATransformLayer.h in Headers */ = {isa = PBXBuildFile; fileRef = 5F4DF9552E70EEE60098917B /* OATransformLayer.h */; };
		5F4DF96C2E70EEE60098917B /* OATransformLayer.m in Sources */ = {isa = PBXBuildFile; fileRef = 5F4DF9562E70EEE60098917B /* OATransformLayer.m */; };
		5F4DF96D2E70EEE60098917B /* UIStackViewTypeAlias.swift in Sources */ = {isa = PBXBuildFile; fileRef = 5F4DF9572E70EEE60098917B /* UIStackViewTypeAlias.swift */; };
/* End PBXBuildFile section */

/* Begin PBXFileReference section */
		5F4DF9352E70EEC10098917B /* UIKitCompatKit.framework */ = {isa = PBXFileReference; explicitFileType = wrapper.framework; includeInIndex = 0; path = UIKitCompatKit.framework; sourceTree = BUILT_PRODUCTS_DIR; };
		5F4DF93A2E70EEC10098917B /* Info.plist */ = {isa = PBXFileReference; lastKnownFileType = text.plist.xml; path = Info.plist; sourceTree = "<group>"; };
		5F4DF9412E70EEE60098917B /* BridgingHeader.h */ = {isa = PBXFileReference; fileEncoding = 4; lastKnownFileType = sourcecode.c.h; path = BridgingHeader.h; sourceTree = "<group>"; };
		5F4DF9422E70EEE60098917B /* NSLayoutConstraint.swift */ = {isa = PBXFileReference; fileEncoding = 4; lastKnownFileType = sourcecode.swift; path = NSLayoutConstraint.swift; sourceTree = "<group>"; };
		5F4DF9442E70EEE60098917B /* .gitkeep */ = {isa = PBXFileReference; fileEncoding = 4; lastKnownFileType = text; path = .gitkeep; sourceTree = "<group>"; };
		5F4DF9452E70EEE60098917B /* _OALayoutGuide.h */ = {isa = PBXFileReference; fileEncoding = 4; lastKnownFileType = sourcecode.c.h; path = _OALayoutGuide.h; sourceTree = "<group>"; };
		5F4DF9462E70EEE60098917B /* _OALayoutGuide.m */ = {isa = PBXFileReference; fileEncoding = 4; lastKnownFileType = sourcecode.c.objc; path = _OALayoutGuide.m; sourceTree = "<group>"; };
		5F4DF9472E70EEE60098917B /* OAStackView+Constraint.h */ = {isa = PBXFileReference; fileEncoding = 4; lastKnownFileType = sourcecode.c.h; path = "OAStackView+Constraint.h"; sourceTree = "<group>"; };
		5F4DF9482E70EEE60098917B /* OAStackView+Constraint.m */ = {isa = PBXFileReference; fileEncoding = 4; lastKnownFileType = sourcecode.c.objc; path = "OAStackView+Constraint.m"; sourceTree = "<group>"; };
		5F4DF9492E70EEE60098917B /* OAStackView+Hiding.h */ = {isa = PBXFileReference; fileEncoding = 4; lastKnownFileType = sourcecode.c.h; path = "OAStackView+Hiding.h"; sourceTree = "<group>"; };
		5F4DF94A2E70EEE60098917B /* OAStackView+Hiding.m */ = {isa = PBXFileReference; fileEncoding = 4; lastKnownFileType = sourcecode.c.objc; path = "OAStackView+Hiding.m"; sourceTree = "<group>"; };
		5F4DF94B2E70EEE60098917B /* OAStackView+Traversal.h */ = {isa = PBXFileReference; fileEncoding = 4; lastKnownFileType = sourcecode.c.h; path = "OAStackView+Traversal.h"; sourceTree = "<group>"; };
		5F4DF94C2E70EEE60098917B /* OAStackView+Traversal.m */ = {isa = PBXFileReference; fileEncoding = 4; lastKnownFileType = sourcecode.c.objc; path = "OAStackView+Traversal.m"; sourceTree = "<group>"; };
		5F4DF94D2E70EEE60098917B /* OAStackView.h */ = {isa = PBXFileReference; fileEncoding = 4; lastKnownFileType = sourcecode.c.h; path = OAStackView.h; sourceTree = "<group>"; };
		5F4DF94E2E70EEE60098917B /* OAStackView.m */ = {isa = PBXFileReference; fileEncoding = 4; lastKnownFileType = sourcecode.c.objc; path = OAStackView.m; sourceTree = "<group>"; };
		5F4DF94F2E70EEE60098917B /* OAStackViewAlignmentStrategy.h */ = {isa = PBXFileReference; fileEncoding = 4; lastKnownFileType = sourcecode.c.h; path = OAStackViewAlignmentStrategy.h; sourceTree = "<group>"; };
		5F4DF9502E70EEE60098917B /* OAStackViewAlignmentStrategy.m */ = {isa = PBXFileReference; fileEncoding = 4; lastKnownFileType = sourcecode.c.objc; path = OAStackViewAlignmentStrategy.m; sourceTree = "<group>"; };
		5F4DF9512E70EEE60098917B /* OAStackViewAlignmentStrategyBaseline.h */ = {isa = PBXFileReference; fileEncoding = 4; lastKnownFileType = sourcecode.c.h; path = OAStackViewAlignmentStrategyBaseline.h; sourceTree = "<group>"; };
		5F4DF9522E70EEE60098917B /* OAStackViewAlignmentStrategyBaseline.m */ = {isa = PBXFileReference; fileEncoding = 4; lastKnownFileType = sourcecode.c.objc; path = OAStackViewAlignmentStrategyBaseline.m; sourceTree = "<group>"; };
		5F4DF9532E70EEE60098917B /* OAStackViewDistributionStrategy.h */ = {isa = PBXFileReference; fileEncoding = 4; lastKnownFileType = sourcecode.c.h; path = OAStackViewDistributionStrategy.h; sourceTree = "<group>"; };
		5F4DF9542E70EEE60098917B /* OAStackViewDistributionStrategy.m */ = {isa = PBXFileReference; fileEncoding = 4; lastKnownFileType = sourcecode.c.objc; path = OAStackViewDistributionStrategy.m; sourceTree = "<group>"; };
		5F4DF9552E70EEE60098917B /* OATransformLayer.h */ = {isa = PBXFileReference; fileEncoding = 4; lastKnownFileType = sourcecode.c.h; path = OATransformLayer.h; sourceTree = "<group>"; };
		5F4DF9562E70EEE60098917B /* OATransformLayer.m */ = {isa = PBXFileReference; fileEncoding = 4; lastKnownFileType = sourcecode.c.objc; path = OATransformLayer.m; sourceTree = "<group>"; };
		5F4DF9572E70EEE60098917B /* UIStackViewTypeAlias.swift */ = {isa = PBXFileReference; fileEncoding = 4; lastKnownFileType = sourcecode.swift; path = UIStackViewTypeAlias.swift; sourceTree = "<group>"; };
/* End PBXFileReference section */

/* Begin PBXFrameworksBuildPhase section */
		5F4DF9312E70EEC10098917B /* Frameworks */ = {
			isa = PBXFrameworksBuildPhase;
			buildActionMask = 2147483647;
			files = (
			);
			runOnlyForDeploymentPostprocessing = 0;
		};
/* End PBXFrameworksBuildPhase section */

/* Begin PBXGroup section */
		5F4DF92B2E70EEC10098917B = {
			isa = PBXGroup;
			children = (
				5F4DF9372E70EEC10098917B /* UIKitCompatKit */,
				5F4DF9362E70EEC10098917B /* Products */,
			);
			sourceTree = "<group>";
		};
		5F4DF9362E70EEC10098917B /* Products */ = {
			isa = PBXGroup;
			children = (
				5F4DF9352E70EEC10098917B /* UIKitCompatKit.framework */,
			);
			name = Products;
			sourceTree = "<group>";
		};
		5F4DF9372E70EEC10098917B /* UIKitCompatKit */ = {
			isa = PBXGroup;
			children = (
				5F4DF9402E70EEE60098917B /* UIKitCompatKit */,
				5F4DF93A2E70EEC10098917B /* Info.plist */,
			);
			path = UIKitCompatKit;
			sourceTree = "<group>";
		};
		5F4DF9402E70EEE60098917B /* UIKitCompatKit */ = {
			isa = PBXGroup;
			children = (
				5F4DF9412E70EEE60098917B /* BridgingHeader.h */,
				5F4DF9422E70EEE60098917B /* NSLayoutConstraint.swift */,
				5F4DF9432E70EEE60098917B /* OAStackView */,
			);
			path = UIKitCompatKit;
			sourceTree = "<group>";
		};
		5F4DF9432E70EEE60098917B /* OAStackView */ = {
			isa = PBXGroup;
			children = (
				5F4DF9442E70EEE60098917B /* .gitkeep */,
				5F4DF9452E70EEE60098917B /* _OALayoutGuide.h */,
				5F4DF9462E70EEE60098917B /* _OALayoutGuide.m */,
				5F4DF9472E70EEE60098917B /* OAStackView+Constraint.h */,
				5F4DF9482E70EEE60098917B /* OAStackView+Constraint.m */,
				5F4DF9492E70EEE60098917B /* OAStackView+Hiding.h */,
				5F4DF94A2E70EEE60098917B /* OAStackView+Hiding.m */,
				5F4DF94B2E70EEE60098917B /* OAStackView+Traversal.h */,
				5F4DF94C2E70EEE60098917B /* OAStackView+Traversal.m */,
				5F4DF94D2E70EEE60098917B /* OAStackView.h */,
				5F4DF94E2E70EEE60098917B /* OAStackView.m */,
				5F4DF94F2E70EEE60098917B /* OAStackViewAlignmentStrategy.h */,
				5F4DF9502E70EEE60098917B /* OAStackViewAlignmentStrategy.m */,
				5F4DF9512E70EEE60098917B /* OAStackViewAlignmentStrategyBaseline.h */,
				5F4DF9522E70EEE60098917B /* OAStackViewAlignmentStrategyBaseline.m */,
				5F4DF9532E70EEE60098917B /* OAStackViewDistributionStrategy.h */,
				5F4DF9542E70EEE60098917B /* OAStackViewDistributionStrategy.m */,
				5F4DF9552E70EEE60098917B /* OATransformLayer.h */,
				5F4DF9562E70EEE60098917B /* OATransformLayer.m */,
				5F4DF9572E70EEE60098917B /* UIStackViewTypeAlias.swift */,
			);
			path = OAStackView;
			sourceTree = "<group>";
		};
/* End PBXGroup section */

/* Begin PBXHeadersBuildPhase section */
		5F4DF9322E70EEC10098917B /* Headers */ = {
			isa = PBXHeadersBuildPhase;
			buildActionMask = 2147483647;
			files = (
				5F4DF9582E70EEE60098917B /* BridgingHeader.h in Headers */,
				5F4DF95F2E70EEE60098917B /* OAStackView+Hiding.h in Headers */,
				5F4DF9692E70EEE60098917B /* OAStackViewDistributionStrategy.h in Headers */,
				5F4DF9672E70EEE60098917B /* OAStackViewAlignmentStrategyBaseline.h in Headers */,
				5F4DF9652E70EEE60098917B /* OAStackViewAlignmentStrategy.h in Headers */,
				5F4DF9612E70EEE60098917B /* OAStackView+Traversal.h in Headers */,
				5F4DF95D2E70EEE60098917B /* OAStackView+Constraint.h in Headers */,
				5F4DF9632E70EEE60098917B /* OAStackView.h in Headers */,
				5F4DF95B2E70EEE60098917B /* _OALayoutGuide.h in Headers */,
				5F4DF96B2E70EEE60098917B /* OATransformLayer.h in Headers */,
			);
			runOnlyForDeploymentPostprocessing = 0;
		};
/* End PBXHeadersBuildPhase section */

/* Begin PBXNativeTarget section */
		5F4DF9342E70EEC10098917B /* UIKitCompatKit */ = {
			isa = PBXNativeTarget;
			buildConfigurationList = 5F4DF93D2E70EEC10098917B /* Build configuration list for PBXNativeTarget "UIKitCompatKit" */;
			buildPhases = (
				5F4DF9302E70EEC10098917B /* Sources */,
				5F4DF9312E70EEC10098917B /* Frameworks */,
				5F4DF9322E70EEC10098917B /* Headers */,
				5F4DF9332E70EEC10098917B /* Resources */,
			);
			buildRules = (
			);
			dependencies = (
			);
			name = UIKitCompatKit;
			productName = UIKitCompatKit;
			productReference = 5F4DF9352E70EEC10098917B /* UIKitCompatKit.framework */;
			productType = "com.apple.product-type.framework";
		};
/* End PBXNativeTarget section */

/* Begin PBXProject section */
		5F4DF92C2E70EEC10098917B /* Project object */ = {
			isa = PBXProject;
			attributes = {
				LastUpgradeCheck = 0730;
				ORGANIZATIONNAME = JWI;
				TargetAttributes = {
					5F4DF9342E70EEC10098917B = {
						CreatedOnToolsVersion = 7.3.1;
						DevelopmentTeam = GA4W4X6894;
					};
				};
			};
			buildConfigurationList = 5F4DF92F2E70EEC10098917B /* Build configuration list for PBXProject "UIKitCompatKit" */;
			compatibilityVersion = "Xcode 3.2";
			developmentRegion = English;
			hasScannedForEncodings = 0;
			knownRegions = (
				en,
			);
			mainGroup = 5F4DF92B2E70EEC10098917B;
			productRefGroup = 5F4DF9362E70EEC10098917B /* Products */;
			projectDirPath = "";
			projectRoot = "";
			targets = (
				5F4DF9342E70EEC10098917B /* UIKitCompatKit */,
			);
		};
/* End PBXProject section */

/* Begin PBXResourcesBuildPhase section */
		5F4DF9332E70EEC10098917B /* Resources */ = {
			isa = PBXResourcesBuildPhase;
			buildActionMask = 2147483647;
			files = (
				5F4DF95A2E70EEE60098917B /* .gitkeep in Resources */,
			);
			runOnlyForDeploymentPostprocessing = 0;
		};
/* End PBXResourcesBuildPhase section */

/* Begin PBXSourcesBuildPhase section */
		5F4DF9302E70EEC10098917B /* Sources */ = {
			isa = PBXSourcesBuildPhase;
			buildActionMask = 2147483647;
			files = (
				5F4DF95C2E70EEE60098917B /* _OALayoutGuide.m in Sources */,
				5F4DF9642E70EEE60098917B /* OAStackView.m in Sources */,
				5F4DF9592E70EEE60098917B /* NSLayoutConstraint.swift in Sources */,
				5F4DF9622E70EEE60098917B /* OAStackView+Traversal.m in Sources */,
				5F4DF96C2E70EEE60098917B /* OATransformLayer.m in Sources */,
				5F4DF9602E70EEE60098917B /* OAStackView+Hiding.m in Sources */,
				5F4DF9662E70EEE60098917B /* OAStackViewAlignmentStrategy.m in Sources */,
				5F4DF96D2E70EEE60098917B /* UIStackViewTypeAlias.swift in Sources */,
				5F4DF95E2E70EEE60098917B /* OAStackView+Constraint.m in Sources */,
				5F4DF9682E70EEE60098917B /* OAStackViewAlignmentStrategyBaseline.m in Sources */,
				5F4DF96A2E70EEE60098917B /* OAStackViewDistributionStrategy.m in Sources */,
			);
			runOnlyForDeploymentPostprocessing = 0;
		};
/* End PBXSourcesBuildPhase section */

/* Begin XCBuildConfiguration section */
		5F4DF93B2E70EEC10098917B /* Debug */ = {
			isa = XCBuildConfiguration;
			buildSettings = {
				ALWAYS_SEARCH_USER_PATHS = NO;
				CLANG_ANALYZER_NONNULL = YES;
				CLANG_CXX_LANGUAGE_STANDARD = "gnu++0x";
				CLANG_CXX_LIBRARY = "libc++";
				CLANG_ENABLE_MODULES = YES;
				CLANG_ENABLE_OBJC_ARC = YES;
				CLANG_WARN_BOOL_CONVERSION = YES;
				CLANG_WARN_CONSTANT_CONVERSION = YES;
				CLANG_WARN_DIRECT_OBJC_ISA_USAGE = YES_ERROR;
				CLANG_WARN_EMPTY_BODY = YES;
				CLANG_WARN_ENUM_CONVERSION = YES;
				CLANG_WARN_INT_CONVERSION = YES;
				CLANG_WARN_OBJC_ROOT_CLASS = YES_ERROR;
				CLANG_WARN_UNREACHABLE_CODE = YES;
				CLANG_WARN__DUPLICATE_METHOD_MATCH = YES;
				"CODE_SIGN_IDENTITY[sdk=iphoneos*]" = "iPhone Developer";
				COPY_PHASE_STRIP = NO;
				CURRENT_PROJECT_VERSION = 1;
				DEBUG_INFORMATION_FORMAT = dwarf;
				ENABLE_STRICT_OBJC_MSGSEND = YES;
				ENABLE_TESTABILITY = YES;
				GCC_C_LANGUAGE_STANDARD = gnu99;
				GCC_DYNAMIC_NO_PIC = NO;
				GCC_NO_COMMON_BLOCKS = YES;
				GCC_OPTIMIZATION_LEVEL = 0;
				GCC_PREPROCESSOR_DEFINITIONS = (
					"DEBUG=1",
					"$(inherited)",
				);
				GCC_WARN_64_TO_32_BIT_CONVERSION = YES;
				GCC_WARN_ABOUT_RETURN_TYPE = YES_ERROR;
				GCC_WARN_UNDECLARED_SELECTOR = YES;
				GCC_WARN_UNINITIALIZED_AUTOS = YES_AGGRESSIVE;
				GCC_WARN_UNUSED_FUNCTION = YES;
				GCC_WARN_UNUSED_VARIABLE = YES;
				IPHONEOS_DEPLOYMENT_TARGET = 9.3;
				MTL_ENABLE_DEBUG_INFO = YES;
				ONLY_ACTIVE_ARCH = YES;
				SDKROOT = iphoneos;
				SWIFT_OPTIMIZATION_LEVEL = "-Onone";
				TARGETED_DEVICE_FAMILY = "1,2";
				VERSIONING_SYSTEM = "apple-generic";
				VERSION_INFO_PREFIX = "";
			};
			name = Debug;
		};
		5F4DF93C2E70EEC10098917B /* Release */ = {
			isa = XCBuildConfiguration;
			buildSettings = {
				ALWAYS_SEARCH_USER_PATHS = NO;
				CLANG_ANALYZER_NONNULL = YES;
				CLANG_CXX_LANGUAGE_STANDARD = "gnu++0x";
				CLANG_CXX_LIBRARY = "libc++";
				CLANG_ENABLE_MODULES = YES;
				CLANG_ENABLE_OBJC_ARC = YES;
				CLANG_WARN_BOOL_CONVERSION = YES;
				CLANG_WARN_CONSTANT_CONVERSION = YES;
				CLANG_WARN_DIRECT_OBJC_ISA_USAGE = YES_ERROR;
				CLANG_WARN_EMPTY_BODY = YES;
				CLANG_WARN_ENUM_CONVERSION = YES;
				CLANG_WARN_INT_CONVERSION = YES;
				CLANG_WARN_OBJC_ROOT_CLASS = YES_ERROR;
				CLANG_WARN_UNREACHABLE_CODE = YES;
				CLANG_WARN__DUPLICATE_METHOD_MATCH = YES;
				"CODE_SIGN_IDENTITY[sdk=iphoneos*]" = "iPhone Developer";
				COPY_PHASE_STRIP = NO;
				CURRENT_PROJECT_VERSION = 1;
				DEBUG_INFORMATION_FORMAT = "dwarf-with-dsym";
				ENABLE_NS_ASSERTIONS = NO;
				ENABLE_STRICT_OBJC_MSGSEND = YES;
				GCC_C_LANGUAGE_STANDARD = gnu99;
				GCC_NO_COMMON_BLOCKS = YES;
				GCC_WARN_64_TO_32_BIT_CONVERSION = YES;
				GCC_WARN_ABOUT_RETURN_TYPE = YES_ERROR;
				GCC_WARN_UNDECLARED_SELECTOR = YES;
				GCC_WARN_UNINITIALIZED_AUTOS = YES_AGGRESSIVE;
				GCC_WARN_UNUSED_FUNCTION = YES;
				GCC_WARN_UNUSED_VARIABLE = YES;
				IPHONEOS_DEPLOYMENT_TARGET = 9.3;
				MTL_ENABLE_DEBUG_INFO = NO;
				SDKROOT = iphoneos;
				TARGETED_DEVICE_FAMILY = "1,2";
				VALIDATE_PRODUCT = YES;
				VERSIONING_SYSTEM = "apple-generic";
				VERSION_INFO_PREFIX = "";
			};
			name = Release;
		};
		5F4DF93E2E70EEC10098917B /* Debug */ = {
			isa = XCBuildConfiguration;
			buildSettings = {
				"CODE_SIGN_IDENTITY[sdk=iphoneos*]" = "iPhone Developer";
				DEFINES_MODULE = YES;
				DEVELOPMENT_TEAM = GA4W4X6894;
				DYLIB_COMPATIBILITY_VERSION = 1;
				DYLIB_CURRENT_VERSION = 1;
				DYLIB_INSTALL_NAME_BASE = "@rpath";
				INFOPLIST_FILE = UIKitCompatKit/Info.plist;
				INSTALL_PATH = "$(LOCAL_LIBRARY_DIR)/Frameworks";
				LD_RUNPATH_SEARCH_PATHS = "$(inherited) @executable_path/Frameworks @loader_path/Frameworks";
				PRODUCT_BUNDLE_IDENTIFIER = com.jwi.UIKitCompatKit;
				PRODUCT_NAME = "$(TARGET_NAME)";
				SKIP_INSTALL = YES;
				SWIFT_OBJC_BRIDGING_HEADER = "$(SRCROOT)/UIKitCompatKit/UIKitCompatKit/BridgingHeader.h";
				SWIFT_VERSION = 2.3;
			};
			name = Debug;
		};
		5F4DF93F2E70EEC10098917B /* Release */ = {
			isa = XCBuildConfiguration;
			buildSettings = {
				DEFINES_MODULE = YES;
				DEVELOPMENT_TEAM = GA4W4X6894;
				DYLIB_COMPATIBILITY_VERSION = 1;
				DYLIB_CURRENT_VERSION = 1;
				DYLIB_INSTALL_NAME_BASE = "@rpath";
				INFOPLIST_FILE = UIKitCompatKit/Info.plist;
				INSTALL_PATH = "$(LOCAL_LIBRARY_DIR)/Frameworks";
				LD_RUNPATH_SEARCH_PATHS = "$(inherited) @executable_path/Frameworks @loader_path/Frameworks";
				PRODUCT_BUNDLE_IDENTIFIER = com.jwi.UIKitCompatKit;
				PRODUCT_NAME = "$(TARGET_NAME)";
				SKIP_INSTALL = YES;
				SWIFT_OBJC_BRIDGING_HEADER = "$(SRCROOT)/UIKitCompatKit/UIKitCompatKit/BridgingHeader.h";
				SWIFT_VERSION = 2.3;
			};
			name = Release;
		};
/* End XCBuildConfiguration section */

/* Begin XCConfigurationList section */
		5F4DF92F2E70EEC10098917B /* Build configuration list for PBXProject "UIKitCompatKit" */ = {
			isa = XCConfigurationList;
			buildConfigurations = (
				5F4DF93B2E70EEC10098917B /* Debug */,
				5F4DF93C2E70EEC10098917B /* Release */,
			);
			defaultConfigurationIsVisible = 0;
			defaultConfigurationName = Release;
		};
		5F4DF93D2E70EEC10098917B /* Build configuration list for PBXNativeTarget "UIKitCompatKit" */ = {
			isa = XCConfigurationList;
			buildConfigurations = (
				5F4DF93E2E70EEC10098917B /* Debug */,
				5F4DF93F2E70EEC10098917B /* Release */,
			);
			defaultConfigurationIsVisible = 0;
			defaultConfigurationName = Release;
		};
/* End XCConfigurationList section */
	};
	rootObject = 5F4DF92C2E70EEC10098917B /* Project object */;
}
